
Microsoft Visual Studio Solution File, Format Version 12.00
# Visual Studio Version 16
VisualStudioVersion = 16.0.30907.101
MinimumVisualStudioVersion = 10.0.40219.1
Project("{FAE04EC0-301F-11D3-BF4B-00C04F79EFBC}") = "PhysicsExampleDGame", "PhysicsExampleDGame\PhysicsExampleDGame.csproj", "{57BC3DFE-EB32-43BB-95DA-C58DD699BD1D}"
EndProject
Global
	GlobalSection(SolutionConfigurationPlatforms) = preSolution
		Debug|Any CPU = Debug|Any CPU
		Release|Any CPU = Release|Any CPU
	EndGlobalSection
	GlobalSection(ProjectConfigurationPlatforms) = postSolution
		{57BC3DFE-EB32-43BB-95DA-C58DD699BD1D}.Debug|Any CPU.ActiveCfg = Debug|Any CPU
		{57BC3DFE-EB32-43BB-95DA-C58DD699BD1D}.Debug|Any CPU.Build.0 = Debug|Any CPU
		{57BC3DFE-EB32-43BB-95DA-C58DD699BD1D}.Release|Any CPU.ActiveCfg = Release|Any CPU
		{57BC3DFE-EB32-43BB-95DA-C58DD699BD1D}.Release|Any CPU.Build.0 = Release|Any CPU
	EndGlobalSection
	GlobalSection(SolutionProperties) = preSolution
		HideSolutionNode = FALSE
	EndGlobalSection
	GlobalSection(ExtensibilityGlobals) = postSolution
		SolutionGuid = {CC0F543B-25EB-495F-802A-1F25536D272A}
	EndGlobalSection
EndGlobal
